// !$*UTF8*$!
{
	archiveVersion = 1;
	classes = {
	};
	objectVersion = 71;
	objects = {

/* Begin PBXBuildFile section */
		010F27DB2C99BD6200B9E555 /* OnBoardingView.swift in Sources */ = {isa = PBXBuildFile; fileRef = 010F27DA2C99BD6200B9E555 /* OnBoardingView.swift */; };
		01169A222CA2E8B300F52E90 /* NetworkingManager.swift in Sources */ = {isa = PBXBuildFile; fileRef = 01169A212CA2E8B300F52E90 /* NetworkingManager.swift */; };
		01169A2E2CA3051800F52E90 /* NetworkingEndpoint.swift in Sources */ = {isa = PBXBuildFile; fileRef = 01169A2D2CA3051800F52E90 /* NetworkingEndpoint.swift */; };
		01169A312CA3073C00F52E90 /* AuthenticationEndpoints.swift in Sources */ = {isa = PBXBuildFile; fileRef = 01169A302CA3073C00F52E90 /* AuthenticationEndpoints.swift */; };
		01169A342CA30B9200F52E90 /* ApplicationIcon.swift in Sources */ = {isa = PBXBuildFile; fileRef = 01169A332CA30B9200F52E90 /* ApplicationIcon.swift */; };
		01169A362CA30D6F00F52E90 /* ActivityRow.swift in Sources */ = {isa = PBXBuildFile; fileRef = 01169A352CA30D6F00F52E90 /* ActivityRow.swift */; };
		01169A392CA313B700F52E90 /* ApplicationScreens.swift in Sources */ = {isa = PBXBuildFile; fileRef = 01169A382CA313B700F52E90 /* ApplicationScreens.swift */; };
		01169A3B2CA314A400F52E90 /* ApplicationTabView.swift in Sources */ = {isa = PBXBuildFile; fileRef = 01169A3A2CA314A400F52E90 /* ApplicationTabView.swift */; };
		01169A3D2CA315BC00F52E90 /* SettingsView.swift in Sources */ = {isa = PBXBuildFile; fileRef = 01169A3C2CA315BC00F52E90 /* SettingsView.swift */; };
		0120889F2C9C71930007E57B /* Constants.swift in Sources */ = {isa = PBXBuildFile; fileRef = 0120889E2C9C71930007E57B /* Constants.swift */; };
		013595A82CA45F08009385EE /* ApplicationSettings.swift in Sources */ = {isa = PBXBuildFile; fileRef = 013595A72CA45F08009385EE /* ApplicationSettings.swift */; };
		017403A92CA6997D00410419 /* Event.swift in Sources */ = {isa = PBXBuildFile; fileRef = 017403A82CA6997D00410419 /* Event.swift */; };
		017403AB2CA699CE00410419 /* Exam.swift in Sources */ = {isa = PBXBuildFile; fileRef = 017403AA2CA699CE00410419 /* Exam.swift */; };
		017403AD2CA69A3F00410419 /* Scale.swift in Sources */ = {isa = PBXBuildFile; fileRef = 017403AC2CA69A3F00410419 /* Scale.swift */; };
		017403AF2CA6AD6100410419 /* ActivitiesView.swift in Sources */ = {isa = PBXBuildFile; fileRef = 017403AE2CA6AD6100410419 /* ActivitiesView.swift */; };
		017403B12CA6AE9100410419 /* CampusEndpoints.swift in Sources */ = {isa = PBXBuildFile; fileRef = 017403B02CA6AE9100410419 /* CampusEndpoints.swift */; };
		017403B32CA6AFD000410419 /* CampusService.swift in Sources */ = {isa = PBXBuildFile; fileRef = 017403B22CA6AFD000410419 /* CampusService.swift */; };
		017403B52CA6B60600410419 /* Activities.swift in Sources */ = {isa = PBXBuildFile; fileRef = 017403B42CA6B60600410419 /* Activities.swift */; };
		019358812CAB25D500A2F971 /* KeychainService.swift in Sources */ = {isa = PBXBuildFile; fileRef = 019358802CAB25D500A2F971 /* KeychainService.swift */; };
		019951B62CA5811400ECD4EA /* HomeView.swift in Sources */ = {isa = PBXBuildFile; fileRef = 019951B52CA5811400ECD4EA /* HomeView.swift */; };
		019951B82CA581DB00ECD4EA /* User.swift in Sources */ = {isa = PBXBuildFile; fileRef = 019951B72CA581DB00ECD4EA /* User.swift */; };
		019951BA2CA5891900ECD4EA /* UserService.swift in Sources */ = {isa = PBXBuildFile; fileRef = 019951B92CA5891900ECD4EA /* UserService.swift */; };
		019951BC2CA5899700ECD4EA /* UserEndpoints.swift in Sources */ = {isa = PBXBuildFile; fileRef = 019951BB2CA5899700ECD4EA /* UserEndpoints.swift */; };
		01AD6F932C9FFFBD00FC6374 /* Errors.swift in Sources */ = {isa = PBXBuildFile; fileRef = 01AD6F922C9FFFBD00FC6374 /* Errors.swift */; };
		01CEAB3C2BF4DE500056A97E /* Localizable.xcstrings in Resources */ = {isa = PBXBuildFile; fileRef = 01CEAB3B2BF4DE500056A97E /* Localizable.xcstrings */; };
		01D702D12CABDB6C00456C61 /* Binding.swift in Sources */ = {isa = PBXBuildFile; fileRef = 01D702D02CABDB6C00456C61 /* Binding.swift */; };
		01D976B12BE8D0D900DB9F30 /* Dashboard42App.swift in Sources */ = {isa = PBXBuildFile; fileRef = 01D976B02BE8D0D900DB9F30 /* Dashboard42App.swift */; };
		01D976B32BE8D0D900DB9F30 /* ContentView.swift in Sources */ = {isa = PBXBuildFile; fileRef = 01D976B22BE8D0D900DB9F30 /* ContentView.swift */; };
		01D976B52BE8D0DA00DB9F30 /* Assets.xcassets in Resources */ = {isa = PBXBuildFile; fileRef = 01D976B42BE8D0DA00DB9F30 /* Assets.xcassets */; };
		01D976B82BE8D0DA00DB9F30 /* Preview Assets.xcassets in Resources */ = {isa = PBXBuildFile; fileRef = 01D976B72BE8D0DA00DB9F30 /* Preview Assets.xcassets */; };
		01F270152C99DA5B00F9683C /* AuthenticationToken.swift in Sources */ = {isa = PBXBuildFile; fileRef = 01F270142C99DA5B00F9683C /* AuthenticationToken.swift */; };
		01F270172C99DC9400F9683C /* AuthenticationService.swift in Sources */ = {isa = PBXBuildFile; fileRef = 01F270162C99DC9400F9683C /* AuthenticationService.swift */; };
/* End PBXBuildFile section */

/* Begin PBXFileReference section */
		010F27DA2C99BD6200B9E555 /* OnBoardingView.swift */ = {isa = PBXFileReference; lastKnownFileType = sourcecode.swift; path = OnBoardingView.swift; sourceTree = "<group>"; };
		01169A212CA2E8B300F52E90 /* NetworkingManager.swift */ = {isa = PBXFileReference; lastKnownFileType = sourcecode.swift; path = NetworkingManager.swift; sourceTree = "<group>"; };
		01169A2D2CA3051800F52E90 /* NetworkingEndpoint.swift */ = {isa = PBXFileReference; lastKnownFileType = sourcecode.swift; path = NetworkingEndpoint.swift; sourceTree = "<group>"; };
		01169A302CA3073C00F52E90 /* AuthenticationEndpoints.swift */ = {isa = PBXFileReference; lastKnownFileType = sourcecode.swift; path = AuthenticationEndpoints.swift; sourceTree = "<group>"; };
		01169A332CA30B9200F52E90 /* ApplicationIcon.swift */ = {isa = PBXFileReference; lastKnownFileType = sourcecode.swift; path = ApplicationIcon.swift; sourceTree = "<group>"; };
		01169A352CA30D6F00F52E90 /* ActivityRow.swift */ = {isa = PBXFileReference; lastKnownFileType = sourcecode.swift; path = ActivityRow.swift; sourceTree = "<group>"; };
		01169A382CA313B700F52E90 /* ApplicationScreens.swift */ = {isa = PBXFileReference; lastKnownFileType = sourcecode.swift; path = ApplicationScreens.swift; sourceTree = "<group>"; };
		01169A3A2CA314A400F52E90 /* ApplicationTabView.swift */ = {isa = PBXFileReference; lastKnownFileType = sourcecode.swift; path = ApplicationTabView.swift; sourceTree = "<group>"; };
		01169A3C2CA315BC00F52E90 /* SettingsView.swift */ = {isa = PBXFileReference; lastKnownFileType = sourcecode.swift; path = SettingsView.swift; sourceTree = "<group>"; };
		0120889E2C9C71930007E57B /* Constants.swift */ = {isa = PBXFileReference; lastKnownFileType = sourcecode.swift; path = Constants.swift; sourceTree = "<group>"; };
		013595A72CA45F08009385EE /* ApplicationSettings.swift */ = {isa = PBXFileReference; lastKnownFileType = sourcecode.swift; path = ApplicationSettings.swift; sourceTree = "<group>"; };
		0170E9A12BE8D39E00D59D45 /* .gitignore */ = {isa = PBXFileReference; lastKnownFileType = text; path = .gitignore; sourceTree = "<group>"; };
		0170E9A42BE8D48300D59D45 /* README.md */ = {isa = PBXFileReference; lastKnownFileType = net.daringfireball.markdown; path = README.md; sourceTree = "<group>"; };
		017403A82CA6997D00410419 /* Event.swift */ = {isa = PBXFileReference; lastKnownFileType = sourcecode.swift; path = Event.swift; sourceTree = "<group>"; };
		017403AA2CA699CE00410419 /* Exam.swift */ = {isa = PBXFileReference; lastKnownFileType = sourcecode.swift; path = Exam.swift; sourceTree = "<group>"; };
		017403AC2CA69A3F00410419 /* Scale.swift */ = {isa = PBXFileReference; lastKnownFileType = sourcecode.swift; path = Scale.swift; sourceTree = "<group>"; };
		017403AE2CA6AD6100410419 /* ActivitiesView.swift */ = {isa = PBXFileReference; lastKnownFileType = sourcecode.swift; path = ActivitiesView.swift; sourceTree = "<group>"; };
		017403B02CA6AE9100410419 /* CampusEndpoints.swift */ = {isa = PBXFileReference; lastKnownFileType = sourcecode.swift; path = CampusEndpoints.swift; sourceTree = "<group>"; };
		017403B22CA6AFD000410419 /* CampusService.swift */ = {isa = PBXFileReference; lastKnownFileType = sourcecode.swift; path = CampusService.swift; sourceTree = "<group>"; };
		017403B42CA6B60600410419 /* Activities.swift */ = {isa = PBXFileReference; lastKnownFileType = sourcecode.swift; path = Activities.swift; sourceTree = "<group>"; };
		0176FCC32BE9129200C41C06 /* Dashboard42.app */ = {isa = PBXFileReference; explicitFileType = wrapper.application; includeInIndex = 0; path = Dashboard42.app; sourceTree = BUILT_PRODUCTS_DIR; };
		0176FCC42BE9129200C41C06 /* Info.plist */ = {isa = PBXFileReference; lastKnownFileType = text.plist.xml; path = Info.plist; sourceTree = "<group>"; };
		019358802CAB25D500A2F971 /* KeychainService.swift */ = {isa = PBXFileReference; lastKnownFileType = sourcecode.swift; path = KeychainService.swift; sourceTree = "<group>"; };
		019951B52CA5811400ECD4EA /* HomeView.swift */ = {isa = PBXFileReference; lastKnownFileType = sourcecode.swift; path = HomeView.swift; sourceTree = "<group>"; };
		019951B72CA581DB00ECD4EA /* User.swift */ = {isa = PBXFileReference; lastKnownFileType = sourcecode.swift; path = User.swift; sourceTree = "<group>"; };
		019951B92CA5891900ECD4EA /* UserService.swift */ = {isa = PBXFileReference; lastKnownFileType = sourcecode.swift; path = UserService.swift; sourceTree = "<group>"; };
		019951BB2CA5899700ECD4EA /* UserEndpoints.swift */ = {isa = PBXFileReference; lastKnownFileType = sourcecode.swift; path = UserEndpoints.swift; sourceTree = "<group>"; };
		01AD6F922C9FFFBD00FC6374 /* Errors.swift */ = {isa = PBXFileReference; lastKnownFileType = sourcecode.swift; path = Errors.swift; sourceTree = "<group>"; };
		01CEAB3B2BF4DE500056A97E /* Localizable.xcstrings */ = {isa = PBXFileReference; lastKnownFileType = text.json.xcstrings; path = Localizable.xcstrings; sourceTree = "<group>"; };
		01D702D02CABDB6C00456C61 /* Binding.swift */ = {isa = PBXFileReference; lastKnownFileType = sourcecode.swift; path = Binding.swift; sourceTree = "<group>"; };
		01D976B02BE8D0D900DB9F30 /* Dashboard42App.swift */ = {isa = PBXFileReference; lastKnownFileType = sourcecode.swift; path = Dashboard42App.swift; sourceTree = "<group>"; };
		01D976B22BE8D0D900DB9F30 /* ContentView.swift */ = {isa = PBXFileReference; lastKnownFileType = sourcecode.swift; path = ContentView.swift; sourceTree = "<group>"; };
		01D976B42BE8D0DA00DB9F30 /* Assets.xcassets */ = {isa = PBXFileReference; lastKnownFileType = folder.assetcatalog; path = Assets.xcassets; sourceTree = "<group>"; };
		01D976B72BE8D0DA00DB9F30 /* Preview Assets.xcassets */ = {isa = PBXFileReference; lastKnownFileType = folder.assetcatalog; path = "Preview Assets.xcassets"; sourceTree = "<group>"; };
		01F270142C99DA5B00F9683C /* AuthenticationToken.swift */ = {isa = PBXFileReference; lastKnownFileType = sourcecode.swift; path = AuthenticationToken.swift; sourceTree = "<group>"; };
		01F270162C99DC9400F9683C /* AuthenticationService.swift */ = {isa = PBXFileReference; lastKnownFileType = sourcecode.swift; path = AuthenticationService.swift; sourceTree = "<group>"; };
/* End PBXFileReference section */

/* Begin PBXFileSystemSynchronizedRootGroup section */
		010F27D52C99B4CC00B9E555 /* Configurations */ = {isa = PBXFileSystemSynchronizedRootGroup; explicitFileTypes = {}; explicitFolders = (); path = Configurations; sourceTree = "<group>"; };
/* End PBXFileSystemSynchronizedRootGroup section */

/* Begin PBXFrameworksBuildPhase section */
		01D976AA2BE8D0D900DB9F30 /* Frameworks */ = {
			isa = PBXFrameworksBuildPhase;
			buildActionMask = 2147483647;
			files = (
			);
			runOnlyForDeploymentPostprocessing = 0;
		};
/* End PBXFrameworksBuildPhase section */

/* Begin PBXGroup section */
		010F27D62C99BD4200B9E555 /* Views */ = {
			isa = PBXGroup;
			children = (
				01169A322CA30B8400F52E90 /* Components */,
				01169A372CA3138800F52E90 /* Navigation */,
				017403AE2CA6AD6100410419 /* ActivitiesView.swift */,
				019951B52CA5811400ECD4EA /* HomeView.swift */,
				010F27DA2C99BD6200B9E555 /* OnBoardingView.swift */,
				01169A3C2CA315BC00F52E90 /* SettingsView.swift */,
			);
			path = Views;
			sourceTree = "<group>";
		};
		01169A202CA2E89600F52E90 /* Networking */ = {
			isa = PBXGroup;
			children = (
				01169A2F2CA3072F00F52E90 /* Endpoints */,
				01169A2D2CA3051800F52E90 /* NetworkingEndpoint.swift */,
				01169A212CA2E8B300F52E90 /* NetworkingManager.swift */,
			);
			path = Networking;
			sourceTree = "<group>";
		};
		01169A2F2CA3072F00F52E90 /* Endpoints */ = {
			isa = PBXGroup;
			children = (
				01169A302CA3073C00F52E90 /* AuthenticationEndpoints.swift */,
				017403B02CA6AE9100410419 /* CampusEndpoints.swift */,
				019951BB2CA5899700ECD4EA /* UserEndpoints.swift */,
			);
			path = Endpoints;
			sourceTree = "<group>";
		};
		01169A322CA30B8400F52E90 /* Components */ = {
			isa = PBXGroup;
			children = (
				01169A352CA30D6F00F52E90 /* ActivityRow.swift */,
				01169A332CA30B9200F52E90 /* ApplicationIcon.swift */,
			);
			path = Components;
			sourceTree = "<group>";
		};
		01169A372CA3138800F52E90 /* Navigation */ = {
			isa = PBXGroup;
			children = (
				01169A382CA313B700F52E90 /* ApplicationScreens.swift */,
				01169A3A2CA314A400F52E90 /* ApplicationTabView.swift */,
				01D976B22BE8D0D900DB9F30 /* ContentView.swift */,
			);
			path = Navigation;
			sourceTree = "<group>";
		};
		0120889D2C9C71690007E57B /* Extensions */ = {
			isa = PBXGroup;
			children = (
				01D702D02CABDB6C00456C61 /* Binding.swift */,
			);
			path = Extensions;
			sourceTree = "<group>";
		};
		0170E9AA2BE8D69C00D59D45 /* Ressources */ = {
			isa = PBXGroup;
			children = (
				01D976B42BE8D0DA00DB9F30 /* Assets.xcassets */,
				01CEAB3B2BF4DE500056A97E /* Localizable.xcstrings */,
			);
			path = Ressources;
			sourceTree = "<group>";
		};
		01AD6F912C9FFFAC00FC6374 /* Helpers */ = {
			isa = PBXGroup;
			children = (
				017403B42CA6B60600410419 /* Activities.swift */,
				013595A72CA45F08009385EE /* ApplicationSettings.swift */,
				0120889E2C9C71930007E57B /* Constants.swift */,
				01AD6F922C9FFFBD00FC6374 /* Errors.swift */,
			);
			path = Helpers;
			sourceTree = "<group>";
		};
		01D976A42BE8D0D900DB9F30 = {
			isa = PBXGroup;
			children = (
				0170E9A42BE8D48300D59D45 /* README.md */,
				010F27D52C99B4CC00B9E555 /* Configurations */,
				01D976AF2BE8D0D900DB9F30 /* Dashboard42 */,
				0170E9A12BE8D39E00D59D45 /* .gitignore */,
				0176FCC32BE9129200C41C06 /* Dashboard42.app */,
			);
			sourceTree = "<group>";
		};
		01D976AF2BE8D0D900DB9F30 /* Dashboard42 */ = {
			isa = PBXGroup;
			children = (
				0120889D2C9C71690007E57B /* Extensions */,
				01AD6F912C9FFFAC00FC6374 /* Helpers */,
				01F270122C99DA3300F9683C /* Models */,
				01169A202CA2E89600F52E90 /* Networking */,
				01D976B62BE8D0DA00DB9F30 /* Preview Content */,
				0170E9AA2BE8D69C00D59D45 /* Ressources */,
				01F270132C99DA3B00F9683C /* Services */,
				010F27D62C99BD4200B9E555 /* Views */,
				01D976B02BE8D0D900DB9F30 /* Dashboard42App.swift */,
				0176FCC42BE9129200C41C06 /* Info.plist */,
			);
			path = Dashboard42;
			sourceTree = "<group>";
		};
		01D976B62BE8D0DA00DB9F30 /* Preview Content */ = {
			isa = PBXGroup;
			children = (
				01D976B72BE8D0DA00DB9F30 /* Preview Assets.xcassets */,
			);
			path = "Preview Content";
			sourceTree = "<group>";
		};
		01F270122C99DA3300F9683C /* Models */ = {
			isa = PBXGroup;
			children = (
				01F270142C99DA5B00F9683C /* AuthenticationToken.swift */,
				017403A82CA6997D00410419 /* Event.swift */,
				017403AA2CA699CE00410419 /* Exam.swift */,
				017403AC2CA69A3F00410419 /* Scale.swift */,
				019951B72CA581DB00ECD4EA /* User.swift */,
			);
			path = Models;
			sourceTree = "<group>";
		};
		01F270132C99DA3B00F9683C /* Services */ = {
			isa = PBXGroup;
			children = (
				01F270162C99DC9400F9683C /* AuthenticationService.swift */,
				017403B22CA6AFD000410419 /* CampusService.swift */,
				019358802CAB25D500A2F971 /* KeychainService.swift */,
				019951B92CA5891900ECD4EA /* UserService.swift */,
			);
			path = Services;
			sourceTree = "<group>";
		};
/* End PBXGroup section */

/* Begin PBXNativeTarget section */
		01D976AC2BE8D0D900DB9F30 /* Dashboard42 */ = {
			isa = PBXNativeTarget;
			buildConfigurationList = 01D976BB2BE8D0DA00DB9F30 /* Build configuration list for PBXNativeTarget "Dashboard42" */;
			buildPhases = (
				01D976A92BE8D0D900DB9F30 /* Sources */,
				01D976AA2BE8D0D900DB9F30 /* Frameworks */,
				01D976AB2BE8D0D900DB9F30 /* Resources */,
			);
			buildRules = (
			);
			dependencies = (
			);
			name = Dashboard42;
			productName = Dashboard42;
			productReference = 0176FCC32BE9129200C41C06 /* Dashboard42.app */;
			productType = "com.apple.product-type.application";
		};
/* End PBXNativeTarget section */

/* Begin PBXProject section */
		01D976A52BE8D0D900DB9F30 /* Project object */ = {
			isa = PBXProject;
			attributes = {
				BuildIndependentTargetsInParallel = 1;
				LastSwiftUpdateCheck = 1530;
				LastUpgradeCheck = 1600;
				TargetAttributes = {
					01D976AC2BE8D0D900DB9F30 = {
						CreatedOnToolsVersion = 15.3;
					};
				};
			};
			buildConfigurationList = 01D976A82BE8D0D900DB9F30 /* Build configuration list for PBXProject "Dashboard42" */;
			compatibilityVersion = "Xcode 14.0";
			developmentRegion = en;
			hasScannedForEncodings = 0;
			knownRegions = (
				en,
				Base,
				fr,
			);
			mainGroup = 01D976A42BE8D0D900DB9F30;
			productRefGroup = 01D976A42BE8D0D900DB9F30;
			projectDirPath = "";
			projectRoot = "";
			targets = (
				01D976AC2BE8D0D900DB9F30 /* Dashboard42 */,
			);
		};
/* End PBXProject section */

/* Begin PBXResourcesBuildPhase section */
		01D976AB2BE8D0D900DB9F30 /* Resources */ = {
			isa = PBXResourcesBuildPhase;
			buildActionMask = 2147483647;
			files = (
				01D976B82BE8D0DA00DB9F30 /* Preview Assets.xcassets in Resources */,
				01CEAB3C2BF4DE500056A97E /* Localizable.xcstrings in Resources */,
				01D976B52BE8D0DA00DB9F30 /* Assets.xcassets in Resources */,
			);
			runOnlyForDeploymentPostprocessing = 0;
		};
/* End PBXResourcesBuildPhase section */

/* Begin PBXSourcesBuildPhase section */
		01D976A92BE8D0D900DB9F30 /* Sources */ = {
			isa = PBXSourcesBuildPhase;
			buildActionMask = 2147483647;
			files = (
				01169A2E2CA3051800F52E90 /* NetworkingEndpoint.swift in Sources */,
				01169A362CA30D6F00F52E90 /* ActivityRow.swift in Sources */,
				010F27DB2C99BD6200B9E555 /* OnBoardingView.swift in Sources */,
				01F270152C99DA5B00F9683C /* AuthenticationToken.swift in Sources */,
				01D976B32BE8D0D900DB9F30 /* ContentView.swift in Sources */,
				017403B12CA6AE9100410419 /* CampusEndpoints.swift in Sources */,
				01169A3B2CA314A400F52E90 /* ApplicationTabView.swift in Sources */,
				01169A312CA3073C00F52E90 /* AuthenticationEndpoints.swift in Sources */,
				019358812CAB25D500A2F971 /* KeychainService.swift in Sources */,
				01169A342CA30B9200F52E90 /* ApplicationIcon.swift in Sources */,
				013595A82CA45F08009385EE /* ApplicationSettings.swift in Sources */,
				019951B62CA5811400ECD4EA /* HomeView.swift in Sources */,
				01D976B12BE8D0D900DB9F30 /* Dashboard42App.swift in Sources */,
				01169A3D2CA315BC00F52E90 /* SettingsView.swift in Sources */,
				017403A92CA6997D00410419 /* Event.swift in Sources */,
				017403B32CA6AFD000410419 /* CampusService.swift in Sources */,
				01F270172C99DC9400F9683C /* AuthenticationService.swift in Sources */,
				01169A222CA2E8B300F52E90 /* NetworkingManager.swift in Sources */,
				01169A392CA313B700F52E90 /* ApplicationScreens.swift in Sources */,
				0120889F2C9C71930007E57B /* Constants.swift in Sources */,
				019951BA2CA5891900ECD4EA /* UserService.swift in Sources */,
				017403B52CA6B60600410419 /* Activities.swift in Sources */,
				01D702D12CABDB6C00456C61 /* Binding.swift in Sources */,
				017403AB2CA699CE00410419 /* Exam.swift in Sources */,
				017403AF2CA6AD6100410419 /* ActivitiesView.swift in Sources */,
				019951BC2CA5899700ECD4EA /* UserEndpoints.swift in Sources */,
				01AD6F932C9FFFBD00FC6374 /* Errors.swift in Sources */,
				017403AD2CA69A3F00410419 /* Scale.swift in Sources */,
				019951B82CA581DB00ECD4EA /* User.swift in Sources */,
			);
			runOnlyForDeploymentPostprocessing = 0;
		};
/* End PBXSourcesBuildPhase section */

/* Begin XCBuildConfiguration section */
		01D976B92BE8D0DA00DB9F30 /* Debug */ = {
			isa = XCBuildConfiguration;
			baseConfigurationReferenceAnchor = 010F27D52C99B4CC00B9E555 /* Configurations */;
			baseConfigurationReferenceRelativePath = Development.xcconfig;
			buildSettings = {
				ALWAYS_SEARCH_USER_PATHS = NO;
				ASSETCATALOG_COMPILER_GENERATE_SWIFT_ASSET_SYMBOL_EXTENSIONS = YES;
				CLANG_ANALYZER_LOCALIZABILITY_NONLOCALIZED = YES;
				CLANG_ANALYZER_NONNULL = YES;
				CLANG_ANALYZER_NUMBER_OBJECT_CONVERSION = YES_AGGRESSIVE;
				CLANG_CXX_LANGUAGE_STANDARD = "gnu++20";
				CLANG_ENABLE_MODULES = YES;
				CLANG_ENABLE_OBJC_ARC = YES;
				CLANG_ENABLE_OBJC_WEAK = YES;
				CLANG_WARN_BLOCK_CAPTURE_AUTORELEASING = YES;
				CLANG_WARN_BOOL_CONVERSION = YES;
				CLANG_WARN_COMMA = YES;
				CLANG_WARN_CONSTANT_CONVERSION = YES;
				CLANG_WARN_DEPRECATED_OBJC_IMPLEMENTATIONS = YES;
				CLANG_WARN_DIRECT_OBJC_ISA_USAGE = YES_ERROR;
				CLANG_WARN_DOCUMENTATION_COMMENTS = YES;
				CLANG_WARN_EMPTY_BODY = YES;
				CLANG_WARN_ENUM_CONVERSION = YES;
				CLANG_WARN_INFINITE_RECURSION = YES;
				CLANG_WARN_INT_CONVERSION = YES;
				CLANG_WARN_NON_LITERAL_NULL_CONVERSION = YES;
				CLANG_WARN_OBJC_IMPLICIT_RETAIN_SELF = YES;
				CLANG_WARN_OBJC_LITERAL_CONVERSION = YES;
				CLANG_WARN_OBJC_ROOT_CLASS = YES_ERROR;
				CLANG_WARN_QUOTED_INCLUDE_IN_FRAMEWORK_HEADER = YES;
				CLANG_WARN_RANGE_LOOP_ANALYSIS = YES;
				CLANG_WARN_STRICT_PROTOTYPES = YES;
				CLANG_WARN_SUSPICIOUS_MOVE = YES;
				CLANG_WARN_UNGUARDED_AVAILABILITY = YES_AGGRESSIVE;
				CLANG_WARN_UNREACHABLE_CODE = YES;
				CLANG_WARN__DUPLICATE_METHOD_MATCH = YES;
				COPY_PHASE_STRIP = NO;
				DEBUG_INFORMATION_FORMAT = dwarf;
				ENABLE_STRICT_OBJC_MSGSEND = YES;
				ENABLE_TESTABILITY = YES;
				ENABLE_USER_SCRIPT_SANDBOXING = YES;
				GCC_C_LANGUAGE_STANDARD = gnu17;
				GCC_DYNAMIC_NO_PIC = NO;
				GCC_NO_COMMON_BLOCKS = YES;
				GCC_OPTIMIZATION_LEVEL = 0;
				GCC_PREPROCESSOR_DEFINITIONS = (
					"DEBUG=1",
					"$(inherited)",
				);
				GCC_WARN_64_TO_32_BIT_CONVERSION = YES;
				GCC_WARN_ABOUT_RETURN_TYPE = YES_ERROR;
				GCC_WARN_UNDECLARED_SELECTOR = YES;
				GCC_WARN_UNINITIALIZED_AUTOS = YES_AGGRESSIVE;
				GCC_WARN_UNUSED_FUNCTION = YES;
				GCC_WARN_UNUSED_VARIABLE = YES;
				IPHONEOS_DEPLOYMENT_TARGET = 17.0;
				LOCALIZATION_PREFERS_STRING_CATALOGS = YES;
				MTL_ENABLE_DEBUG_INFO = INCLUDE_SOURCE;
				MTL_FAST_MATH = YES;
				ONLY_ACTIVE_ARCH = YES;
				SDKROOT = iphoneos;
				SWIFT_ACTIVE_COMPILATION_CONDITIONS = "DEBUG $(inherited)";
				SWIFT_OPTIMIZATION_LEVEL = "-Onone";
			};
			name = Debug;
		};
		01D976BA2BE8D0DA00DB9F30 /* Release */ = {
			isa = XCBuildConfiguration;
			baseConfigurationReferenceAnchor = 010F27D52C99B4CC00B9E555 /* Configurations */;
			baseConfigurationReferenceRelativePath = Release.xcconfig;
			buildSettings = {
				ALWAYS_SEARCH_USER_PATHS = NO;
				ASSETCATALOG_COMPILER_GENERATE_SWIFT_ASSET_SYMBOL_EXTENSIONS = YES;
				CLANG_ANALYZER_LOCALIZABILITY_NONLOCALIZED = YES;
				CLANG_ANALYZER_NONNULL = YES;
				CLANG_ANALYZER_NUMBER_OBJECT_CONVERSION = YES_AGGRESSIVE;
				CLANG_CXX_LANGUAGE_STANDARD = "gnu++20";
				CLANG_ENABLE_MODULES = YES;
				CLANG_ENABLE_OBJC_ARC = YES;
				CLANG_ENABLE_OBJC_WEAK = YES;
				CLANG_WARN_BLOCK_CAPTURE_AUTORELEASING = YES;
				CLANG_WARN_BOOL_CONVERSION = YES;
				CLANG_WARN_COMMA = YES;
				CLANG_WARN_CONSTANT_CONVERSION = YES;
				CLANG_WARN_DEPRECATED_OBJC_IMPLEMENTATIONS = YES;
				CLANG_WARN_DIRECT_OBJC_ISA_USAGE = YES_ERROR;
				CLANG_WARN_DOCUMENTATION_COMMENTS = YES;
				CLANG_WARN_EMPTY_BODY = YES;
				CLANG_WARN_ENUM_CONVERSION = YES;
				CLANG_WARN_INFINITE_RECURSION = YES;
				CLANG_WARN_INT_CONVERSION = YES;
				CLANG_WARN_NON_LITERAL_NULL_CONVERSION = YES;
				CLANG_WARN_OBJC_IMPLICIT_RETAIN_SELF = YES;
				CLANG_WARN_OBJC_LITERAL_CONVERSION = YES;
				CLANG_WARN_OBJC_ROOT_CLASS = YES_ERROR;
				CLANG_WARN_QUOTED_INCLUDE_IN_FRAMEWORK_HEADER = YES;
				CLANG_WARN_RANGE_LOOP_ANALYSIS = YES;
				CLANG_WARN_STRICT_PROTOTYPES = YES;
				CLANG_WARN_SUSPICIOUS_MOVE = YES;
				CLANG_WARN_UNGUARDED_AVAILABILITY = YES_AGGRESSIVE;
				CLANG_WARN_UNREACHABLE_CODE = YES;
				CLANG_WARN__DUPLICATE_METHOD_MATCH = YES;
				COPY_PHASE_STRIP = NO;
				DEBUG_INFORMATION_FORMAT = "dwarf-with-dsym";
				ENABLE_NS_ASSERTIONS = NO;
				ENABLE_STRICT_OBJC_MSGSEND = YES;
				ENABLE_USER_SCRIPT_SANDBOXING = YES;
				GCC_C_LANGUAGE_STANDARD = gnu17;
				GCC_NO_COMMON_BLOCKS = YES;
				GCC_WARN_64_TO_32_BIT_CONVERSION = YES;
				GCC_WARN_ABOUT_RETURN_TYPE = YES_ERROR;
				GCC_WARN_UNDECLARED_SELECTOR = YES;
				GCC_WARN_UNINITIALIZED_AUTOS = YES_AGGRESSIVE;
				GCC_WARN_UNUSED_FUNCTION = YES;
				GCC_WARN_UNUSED_VARIABLE = YES;
				IPHONEOS_DEPLOYMENT_TARGET = 17.0;
				LOCALIZATION_PREFERS_STRING_CATALOGS = YES;
				MTL_ENABLE_DEBUG_INFO = NO;
				MTL_FAST_MATH = YES;
				SDKROOT = iphoneos;
				SWIFT_COMPILATION_MODE = wholemodule;
				VALIDATE_PRODUCT = YES;
			};
			name = Release;
		};
		01D976BC2BE8D0DA00DB9F30 /* Debug */ = {
			isa = XCBuildConfiguration;
			baseConfigurationReferenceAnchor = 010F27D52C99B4CC00B9E555 /* Configurations */;
			baseConfigurationReferenceRelativePath = Development.xcconfig;
			buildSettings = {
				ASSETCATALOG_COMPILER_APPICON_NAME = AppIcon;
				ASSETCATALOG_COMPILER_GLOBAL_ACCENT_COLOR_NAME = AccentColor;
				CODE_SIGN_STYLE = Automatic;
				CURRENT_PROJECT_VERSION = 1;
				DEVELOPMENT_ASSET_PATHS = "\"Dashboard42/Preview Content\"";
				DEVELOPMENT_TEAM = BHH429N5DK;
				ENABLE_PREVIEWS = YES;
				GENERATE_INFOPLIST_FILE = YES;
				INFOPLIST_FILE = Dashboard42/Info.plist;
				INFOPLIST_KEY_CFBundleDisplayName = Dashboard42;
				INFOPLIST_KEY_LSApplicationCategoryType = "public.app-category.education";
				INFOPLIST_KEY_UIApplicationSceneManifest_Generation = YES;
				INFOPLIST_KEY_UIApplicationSupportsIndirectInputEvents = YES;
				INFOPLIST_KEY_UILaunchScreen_Generation = YES;
				INFOPLIST_KEY_UISupportedInterfaceOrientations = "UIInterfaceOrientationLandscapeLeft UIInterfaceOrientationLandscapeRight UIInterfaceOrientationPortrait UIInterfaceOrientationPortraitUpsideDown";
				IPHONEOS_DEPLOYMENT_TARGET = 17.0;
				LD_RUNPATH_SEARCH_PATHS = (
					"$(inherited)",
					"@executable_path/Frameworks",
				);
				MARKETING_VERSION = 2.0.0;
				PRODUCT_BUNDLE_IDENTIFIER = fr.marcmosca.Dashboard42;
				PRODUCT_NAME = "$(TARGET_NAME)";
				SUPPORTED_PLATFORMS = "iphoneos iphonesimulator";
				SUPPORTS_MACCATALYST = NO;
				SUPPORTS_MAC_DESIGNED_FOR_IPHONE_IPAD = YES;
				SUPPORTS_XR_DESIGNED_FOR_IPHONE_IPAD = NO;
				SWIFT_EMIT_LOC_STRINGS = YES;
				SWIFT_VERSION = 5.0;
				TARGETED_DEVICE_FAMILY = "1,2";
			};
			name = Debug;
		};
		01D976BD2BE8D0DA00DB9F30 /* Release */ = {
			isa = XCBuildConfiguration;
			baseConfigurationReferenceAnchor = 010F27D52C99B4CC00B9E555 /* Configurations */;
			baseConfigurationReferenceRelativePath = Release.xcconfig;
			buildSettings = {
				ASSETCATALOG_COMPILER_APPICON_NAME = AppIcon;
				ASSETCATALOG_COMPILER_GLOBAL_ACCENT_COLOR_NAME = AccentColor;
				CODE_SIGN_STYLE = Automatic;
				CURRENT_PROJECT_VERSION = 1;
				DEVELOPMENT_ASSET_PATHS = "\"Dashboard42/Preview Content\"";
				DEVELOPMENT_TEAM = BHH429N5DK;
				ENABLE_PREVIEWS = YES;
				GENERATE_INFOPLIST_FILE = YES;
				INFOPLIST_FILE = Dashboard42/Info.plist;
				INFOPLIST_KEY_CFBundleDisplayName = Dashboard42;
				INFOPLIST_KEY_LSApplicationCategoryType = "public.app-category.education";
				INFOPLIST_KEY_UIApplicationSceneManifest_Generation = YES;
				INFOPLIST_KEY_UIApplicationSupportsIndirectInputEvents = YES;
				INFOPLIST_KEY_UILaunchScreen_Generation = YES;
				INFOPLIST_KEY_UISupportedInterfaceOrientations = "UIInterfaceOrientationLandscapeLeft UIInterfaceOrientationLandscapeRight UIInterfaceOrientationPortrait UIInterfaceOrientationPortraitUpsideDown";
				IPHONEOS_DEPLOYMENT_TARGET = 17.0;
				LD_RUNPATH_SEARCH_PATHS = (
					"$(inherited)",
					"@executable_path/Frameworks",
				);
				MARKETING_VERSION = 2.0.0;
				PRODUCT_BUNDLE_IDENTIFIER = fr.marcmosca.Dashboard42;
				PRODUCT_NAME = "$(TARGET_NAME)";
				SUPPORTED_PLATFORMS = "iphoneos iphonesimulator";
				SUPPORTS_MACCATALYST = NO;
				SUPPORTS_MAC_DESIGNED_FOR_IPHONE_IPAD = YES;
				SUPPORTS_XR_DESIGNED_FOR_IPHONE_IPAD = NO;
				SWIFT_EMIT_LOC_STRINGS = YES;
				SWIFT_VERSION = 5.0;
				TARGETED_DEVICE_FAMILY = "1,2";
			};
			name = Release;
		};
/* End XCBuildConfiguration section */

/* Begin XCConfigurationList section */
		01D976A82BE8D0D900DB9F30 /* Build configuration list for PBXProject "Dashboard42" */ = {
			isa = XCConfigurationList;
			buildConfigurations = (
				01D976B92BE8D0DA00DB9F30 /* Debug */,
				01D976BA2BE8D0DA00DB9F30 /* Release */,
			);
			defaultConfigurationIsVisible = 0;
			defaultConfigurationName = Release;
		};
		01D976BB2BE8D0DA00DB9F30 /* Build configuration list for PBXNativeTarget "Dashboard42" */ = {
			isa = XCConfigurationList;
			buildConfigurations = (
				01D976BC2BE8D0DA00DB9F30 /* Debug */,
				01D976BD2BE8D0DA00DB9F30 /* Release */,
			);
			defaultConfigurationIsVisible = 0;
			defaultConfigurationName = Release;
		};
/* End XCConfigurationList section */
	};
	rootObject = 01D976A52BE8D0D900DB9F30 /* Project object */;
}
